
Microsoft Visual Studio Solution File, Format Version 12.00
# Visual Studio Version 17
VisualStudioVersion = 17.2.32602.215
MinimumVisualStudioVersion = 10.0.40219.1
Project("{FAE04EC0-301F-11D3-BF4B-00C04F79EFBC}") = "tgapp", "tgapp\tgapp.csproj", "{C3F10A1A-800B-4240-8E5B-C4A1158015DD}"
EndProject
Global
	GlobalSection(SolutionConfigurationPlatforms) = preSolution
		Debug|Any CPU = Debug|Any CPU
		Release|Any CPU = Release|Any CPU
	EndGlobalSection
	GlobalSection(ProjectConfigurationPlatforms) = postSolution
		{C3F10A1A-800B-4240-8E5B-C4A1158015DD}.Debug|Any CPU.ActiveCfg = Debug|Any CPU
		{C3F10A1A-800B-4240-8E5B-C4A1158015DD}.Debug|Any CPU.Build.0 = Debug|Any CPU
		{C3F10A1A-800B-4240-8E5B-C4A1158015DD}.Release|Any CPU.ActiveCfg = Release|Any CPU
		{C3F10A1A-800B-4240-8E5B-C4A1158015DD}.Release|Any CPU.Build.0 = Release|Any CPU
	EndGlobalSection
	GlobalSection(SolutionProperties) = preSolution
		HideSolutionNode = FALSE
	EndGlobalSection
	GlobalSection(ExtensibilityGlobals) = postSolution
		SolutionGuid = {3E761948-F340-4992-A974-4E0B35C02611}
	EndGlobalSection
EndGlobal
